
Microsoft Visual Studio Solution File, Format Version 12.00
# Visual Studio Version 17
VisualStudioVersion = 17.9.34728.123
MinimumVisualStudioVersion = 10.0.40219.1
Project("{FAE04EC0-301F-11D3-BF4B-00C04F79EFBC}") = "EstacionamientoMedido", "EstacionamientoMedido\EstacionamientoMedido.csproj", "{84289A94-844B-493E-A438-3BD30B09ECA2}"
EndProject
Global
	GlobalSection(SolutionConfigurationPlatforms) = preSolution
		Debug|Any CPU = Debug|Any CPU
		Release|Any CPU = Release|Any CPU
	EndGlobalSection
	GlobalSection(ProjectConfigurationPlatforms) = postSolution
		{84289A94-844B-493E-A438-3BD30B09ECA2}.Debug|Any CPU.ActiveCfg = Debug|Any CPU
		{84289A94-844B-493E-A438-3BD30B09ECA2}.Debug|Any CPU.Build.0 = Debug|Any CPU
		{84289A94-844B-493E-A438-3BD30B09ECA2}.Release|Any CPU.ActiveCfg = Release|Any CPU
		{84289A94-844B-493E-A438-3BD30B09ECA2}.Release|Any CPU.Build.0 = Release|Any CPU
	EndGlobalSection
	GlobalSection(SolutionProperties) = preSolution
		HideSolutionNode = FALSE
	EndGlobalSection
	GlobalSection(ExtensibilityGlobals) = postSolution
		SolutionGuid = {4440FA63-2A31-4682-8816-2EEFA7587EE2}
	EndGlobalSection
EndGlobal
